
Microsoft Visual Studio Solution File, Format Version 12.00
# Visual Studio Version 17
VisualStudioVersion = 17.13.35828.75
MinimumVisualStudioVersion = 10.0.40219.1
Project("{FAE04EC0-301F-11D3-BF4B-00C04F79EFBC}") = "GestaoDeEquipamentos2.0", "GestaoDeEquipamentos2.0\GestaoDeEquipamentos2.0.csproj", "{357B4AB4-9559-4C16-B767-6C05EACF957C}"
EndProject
Project("{2150E333-8FDC-42A3-9474-1A3956D46DE8}") = "2.Dominio", "2.Dominio", "{02EA681E-C7D8-13C7-8484-4AC65E1B71E8}"
EndProject
Project("{2150E333-8FDC-42A3-9474-1A3956D46DE8}") = "1.Apresentacao", "1.Apresentacao", "{C3031D0B-5E92-4187-8B7A-701E35F9951C}"
EndProject
Global
	GlobalSection(SolutionConfigurationPlatforms) = preSolution
		Debug|Any CPU = Debug|Any CPU
		Release|Any CPU = Release|Any CPU
	EndGlobalSection
	GlobalSection(ProjectConfigurationPlatforms) = postSolution
		{357B4AB4-9559-4C16-B767-6C05EACF957C}.Debug|Any CPU.ActiveCfg = Debug|Any CPU
		{357B4AB4-9559-4C16-B767-6C05EACF957C}.Debug|Any CPU.Build.0 = Debug|Any CPU
		{357B4AB4-9559-4C16-B767-6C05EACF957C}.Release|Any CPU.ActiveCfg = Release|Any CPU
		{357B4AB4-9559-4C16-B767-6C05EACF957C}.Release|Any CPU.Build.0 = Release|Any CPU
	EndGlobalSection
	GlobalSection(SolutionProperties) = preSolution
		HideSolutionNode = FALSE
	EndGlobalSection
	GlobalSection(ExtensibilityGlobals) = postSolution
		SolutionGuid = {C1CB9F7F-702D-46B3-9E83-6C41AEEC9681}
	EndGlobalSection
EndGlobal
